
Microsoft Visual Studio Solution File, Format Version 12.00
# Visual Studio Version 17
VisualStudioVersion = 17.14.36915.13 d17.14
MinimumVisualStudioVersion = 10.0.40219.1
Project("{FAE04EC0-301F-11D3-BF4B-00C04F79EFBC}") = "DockerTestProject", "DockerTestProject.csproj", "{4245F244-3E6E-46F3-8A17-34AAA20AE447}"
EndProject
Global
	GlobalSection(SolutionConfigurationPlatforms) = preSolution
		Debug|Any CPU = Debug|Any CPU
		Release|Any CPU = Release|Any CPU
	EndGlobalSection
	GlobalSection(ProjectConfigurationPlatforms) = postSolution
		{4245F244-3E6E-46F3-8A17-34AAA20AE447}.Debug|Any CPU.ActiveCfg = Debug|Any CPU
		{4245F244-3E6E-46F3-8A17-34AAA20AE447}.Debug|Any CPU.Build.0 = Debug|Any CPU
		{4245F244-3E6E-46F3-8A17-34AAA20AE447}.Release|Any CPU.ActiveCfg = Release|Any CPU
		{4245F244-3E6E-46F3-8A17-34AAA20AE447}.Release|Any CPU.Build.0 = Release|Any CPU
	EndGlobalSection
	GlobalSection(SolutionProperties) = preSolution
		HideSolutionNode = FALSE
	EndGlobalSection
	GlobalSection(ExtensibilityGlobals) = postSolution
		SolutionGuid = {177FEA2B-271B-40EE-872C-09332948DC9B}
	EndGlobalSection
EndGlobal
